
Microsoft Visual Studio Solution File, Format Version 12.00
# Visual Studio 15
VisualStudioVersion = 15.0.28307.779
MinimumVisualStudioVersion = 10.0.40219.1
Project("{8BC9CEB8-8B4A-11D0-8D11-00A0C91BC942}") = "PerformanceTest", "PerformanceTest\PerformanceTest.vcxproj", "{095C44A5-293B-4FB5-A86B-AD459BA86CAC}"
EndProject
Global
	GlobalSection(SolutionConfigurationPlatforms) = preSolution
		Debug|x64 = Debug|x64
		Debug|x86 = Debug|x86
		Release|x64 = Release|x64
		Release|x86 = Release|x86
	EndGlobalSection
	GlobalSection(ProjectConfigurationPlatforms) = postSolution
		{095C44A5-293B-4FB5-A86B-AD459BA86CAC}.Debug|x64.ActiveCfg = Debug|x64
		{095C44A5-293B-4FB5-A86B-AD459BA86CAC}.Debug|x64.Build.0 = Debug|x64
		{095C44A5-293B-4FB5-A86B-AD459BA86CAC}.Debug|x86.ActiveCfg = Debug|Win32
		{095C44A5-293B-4FB5-A86B-AD459BA86CAC}.Debug|x86.Build.0 = Debug|Win32
		{095C44A5-293B-4FB5-A86B-AD459BA86CAC}.Release|x64.ActiveCfg = Release|x64
		{095C44A5-293B-4FB5-A86B-AD459BA86CAC}.Release|x64.Build.0 = Release|x64
		{095C44A5-293B-4FB5-A86B-AD459BA86CAC}.Release|x86.ActiveCfg = Release|Win32
		{095C44A5-293B-4FB5-A86B-AD459BA86CAC}.Release|x86.Build.0 = Release|Win32
	EndGlobalSection
	GlobalSection(SolutionProperties) = preSolution
		HideSolutionNode = FALSE
	EndGlobalSection
	GlobalSection(ExtensibilityGlobals) = postSolution
		SolutionGuid = {71E88CEE-1B0B-4F43-82C9-57586A69E259}
	EndGlobalSection
EndGlobal
